Microsoft Visual Studio Solution File, Format Version 12.00
# Visual Studio 2012
Project("{FAE04EC0-301F-11D3-BF4B-00C04F79EFBC}") = "TopDownCyberpunkTD", "TopDownCyberpunkTD.csproj", "{B4F3E9B9-90FD-4C94-B1FC-C21CE208FBAB}"
EndProject
Global
	GlobalSection(SolutionConfigurationPlatforms) = preSolution
	Debug|Any CPU = Debug|Any CPU
	ExportDebug|Any CPU = ExportDebug|Any CPU
	ExportRelease|Any CPU = ExportRelease|Any CPU
	EndGlobalSection
	GlobalSection(ProjectConfigurationPlatforms) = postSolution
		{B4F3E9B9-90FD-4C94-B1FC-C21CE208FBAB}.Debug|Any CPU.ActiveCfg = Debug|Any CPU
		{B4F3E9B9-90FD-4C94-B1FC-C21CE208FBAB}.Debug|Any CPU.Build.0 = Debug|Any CPU
		{B4F3E9B9-90FD-4C94-B1FC-C21CE208FBAB}.ExportDebug|Any CPU.ActiveCfg = ExportDebug|Any CPU
		{B4F3E9B9-90FD-4C94-B1FC-C21CE208FBAB}.ExportDebug|Any CPU.Build.0 = ExportDebug|Any CPU
		{B4F3E9B9-90FD-4C94-B1FC-C21CE208FBAB}.ExportRelease|Any CPU.ActiveCfg = ExportRelease|Any CPU
		{B4F3E9B9-90FD-4C94-B1FC-C21CE208FBAB}.ExportRelease|Any CPU.Build.0 = ExportRelease|Any CPU
	EndGlobalSection
EndGlobal
